
Microsoft Visual Studio Solution File, Format Version 12.00
# Visual Studio Version 17
VisualStudioVersion = 17.4.33213.308
MinimumVisualStudioVersion = 10.0.40219.1
Project("{FAE04EC0-301F-11D3-BF4B-00C04F79EFBC}") = "ImportExcelApp", "ImportExcelApp.csproj", "{219415BF-D24A-40FC-A74F-217F55ADB4D6}"
EndProject
Global
	GlobalSection(SolutionConfigurationPlatforms) = preSolution
		Debug|Any CPU = Debug|Any CPU
		Release|Any CPU = Release|Any CPU
	EndGlobalSection
	GlobalSection(ProjectConfigurationPlatforms) = postSolution
		{219415BF-D24A-40FC-A74F-217F55ADB4D6}.Debug|Any CPU.ActiveCfg = Debug|Any CPU
		{219415BF-D24A-40FC-A74F-217F55ADB4D6}.Debug|Any CPU.Build.0 = Debug|Any CPU
		{219415BF-D24A-40FC-A74F-217F55ADB4D6}.Release|Any CPU.ActiveCfg = Release|Any CPU
		{219415BF-D24A-40FC-A74F-217F55ADB4D6}.Release|Any CPU.Build.0 = Release|Any CPU
	EndGlobalSection
	GlobalSection(SolutionProperties) = preSolution
		HideSolutionNode = FALSE
	EndGlobalSection
	GlobalSection(ExtensibilityGlobals) = postSolution
		SolutionGuid = {302ABF3E-E63C-480E-ACC5-DA1EB03C99F8}
	EndGlobalSection
EndGlobal
